
Microsoft Visual Studio Solution File, Format Version 12.00
# Visual Studio Version 16
VisualStudioVersion = 16.0.29201.188
MinimumVisualStudioVersion = 10.0.40219.1
Project("{FAE04EC0-301F-11D3-BF4B-00C04F79EFBC}") = "HolidayClub.Web", "HolidayClub.Web\HolidayClub.Web.csproj", "{CFD83FB2-C3F3-4BB4-909F-64CD079DD7C6}"
EndProject
Global
	GlobalSection(SolutionConfigurationPlatforms) = preSolution
		Debug|Any CPU = Debug|Any CPU
		Release|Any CPU = Release|Any CPU
	EndGlobalSection
	GlobalSection(ProjectConfigurationPlatforms) = postSolution
		{CFD83FB2-C3F3-4BB4-909F-64CD079DD7C6}.Debug|Any CPU.ActiveCfg = Debug|Any CPU
		{CFD83FB2-C3F3-4BB4-909F-64CD079DD7C6}.Debug|Any CPU.Build.0 = Debug|Any CPU
		{CFD83FB2-C3F3-4BB4-909F-64CD079DD7C6}.Release|Any CPU.ActiveCfg = Release|Any CPU
		{CFD83FB2-C3F3-4BB4-909F-64CD079DD7C6}.Release|Any CPU.Build.0 = Release|Any CPU
	EndGlobalSection
	GlobalSection(SolutionProperties) = preSolution
		HideSolutionNode = FALSE
	EndGlobalSection
	GlobalSection(ExtensibilityGlobals) = postSolution
		SolutionGuid = {76531231-A52B-4637-BBB5-E41CF3E43793}
	EndGlobalSection
EndGlobal
